Microsoft Visual Studio Solution File, Format Version 12.00
# Visual Studio 2013
VisualStudioVersion = 12.0.30110.0
MinimumVisualStudioVersion = 12.0.30110.0

Project("{8BC9CEB8-8B4A-11D0-8D11-00A0C91BC942}") = "sqlite64", "sqlite64.vcxproj", "{406DB619-3D11-406D-8294-729BE51A43D8}"
EndProject
Global
	GlobalSection(SolutionConfigurationPlatforms) = preSolution
		Release DLL|x64 = Release DLL|x64
	EndGlobalSection
	GlobalSection(ProjectConfigurationPlatforms) = postSolution
		{406DB619-3D11-406D-8294-729BE51A43D8}.Release DLL|x64.ActiveCfg = Release DLL|x64
		{406DB619-3D11-406D-8294-729BE51A43D8}.Release DLL|x64.Build.0 = Release DLL|x64
	EndGlobalSection
	GlobalSection(SolutionProperties) = preSolution
		HideSolutionNode = FALSE
	EndGlobalSection
EndGlobal
